
Microsoft Visual Studio Solution File, Format Version 12.00
# Visual Studio Version 17
VisualStudioVersion = 17.8.34511.84
MinimumVisualStudioVersion = 10.0.40219.1
Project("{9A19103F-16F7-4668-BE54-9A1E7A4F7556}") = "POE_FINAL", "POE_FINAL.csproj", "{AAAFA15A-E69E-4454-8903-60C5C966910F}"
EndProject
Global
	GlobalSection(SolutionConfigurationPlatforms) = preSolution
		Debug|Any CPU = Debug|Any CPU
		Release|Any CPU = Release|Any CPU
	EndGlobalSection
	GlobalSection(ProjectConfigurationPlatforms) = postSolution
		{AAAFA15A-E69E-4454-8903-60C5C966910F}.Debug|Any CPU.ActiveCfg = Debug|Any CPU
		{AAAFA15A-E69E-4454-8903-60C5C966910F}.Debug|Any CPU.Build.0 = Debug|Any CPU
		{AAAFA15A-E69E-4454-8903-60C5C966910F}.Release|Any CPU.ActiveCfg = Release|Any CPU
		{AAAFA15A-E69E-4454-8903-60C5C966910F}.Release|Any CPU.Build.0 = Release|Any CPU
	EndGlobalSection
	GlobalSection(SolutionProperties) = preSolution
		HideSolutionNode = FALSE
	EndGlobalSection
	GlobalSection(ExtensibilityGlobals) = postSolution
		SolutionGuid = {A72C7AE1-AD89-4E05-8A01-0811A31F5946}
	EndGlobalSection
EndGlobal
